
Microsoft Visual Studio Solution File, Format Version 12.00
# Visual Studio Version 17
VisualStudioVersion = 17.5.33530.505
MinimumVisualStudioVersion = 10.0.40219.1
Project("{9A19103F-16F7-4668-BE54-9A1E7A4F7556}") = "Engine2D", "Engine2D\Engine2D.csproj", "{01EFA6C9-B70A-4B07-BA50-DE1D2256B0FB}"
EndProject
Project("{2150E333-8FDC-42A3-9474-1A3956D46DE8}") = "vendor", "vendor", "{FAC1E077-AB1D-4A5D-A8A5-C46F0804AF3D}"
EndProject
Project("{2150E333-8FDC-42A3-9474-1A3956D46DE8}") = "ImGui.NET", "ImGui.NET", "{A69E8CC0-CADE-4E72-8251-FB66816B413B}"
EndProject
Project("{2150E333-8FDC-42A3-9474-1A3956D46DE8}") = "src", "src", "{B8F7077D-B876-4CB2-A865-3D8B3F3F8D93}"
EndProject
Project("{9A19103F-16F7-4668-BE54-9A1E7A4F7556}") = "ImPlot.NET", "..\vendor\ImGui.NET\src\ImPlot.NET\ImPlot.NET.csproj", "{96850AE3-9BA7-4E2F-9433-3706E2361E06}"
EndProject
Project("{9A19103F-16F7-4668-BE54-9A1E7A4F7556}") = "ImNodes.NET", "..\vendor\ImGui.NET\src\ImNodes.NET\ImNodes.NET.csproj", "{B771F771-9D83-4E2A-8BB1-F354962F000A}"
EndProject
Project("{9A19103F-16F7-4668-BE54-9A1E7A4F7556}") = "ImGuizmo.NET", "..\vendor\ImGui.NET\src\ImGuizmo.NET\ImGuizmo.NET.csproj", "{474EFB5B-BD03-44EF-93C4-571667DF39FC}"
EndProject
Project("{9A19103F-16F7-4668-BE54-9A1E7A4F7556}") = "ImGui.NET", "..\vendor\ImGui.NET\src\ImGui.NET\ImGui.NET.csproj", "{4CB36E0C-9837-4250-BADA-F2CBAE33C29E}"
EndProject
Project("{9A19103F-16F7-4668-BE54-9A1E7A4F7556}") = "CodeGenerator", "..\vendor\ImGui.NET\src\CodeGenerator\CodeGenerator.csproj", "{3E26A89C-3707-4FA1-8B7C-58F27100162B}"
EndProject
Project("{9A19103F-16F7-4668-BE54-9A1E7A4F7556}") = "ExampleGame", "ExampleGame\ExampleGame.csproj", "{BE528355-0169-403A-A0D1-31F60FEC315B}"
EndProject
Global
	GlobalSection(SolutionConfigurationPlatforms) = preSolution
		Debug|Any CPU = Debug|Any CPU
		Release|Any CPU = Release|Any CPU
	EndGlobalSection
	GlobalSection(ProjectConfigurationPlatforms) = postSolution
		{01EFA6C9-B70A-4B07-BA50-DE1D2256B0FB}.Debug|Any CPU.ActiveCfg = Debug|Any CPU
		{01EFA6C9-B70A-4B07-BA50-DE1D2256B0FB}.Debug|Any CPU.Build.0 = Debug|Any CPU
		{01EFA6C9-B70A-4B07-BA50-DE1D2256B0FB}.Release|Any CPU.ActiveCfg = Release|Any CPU
		{01EFA6C9-B70A-4B07-BA50-DE1D2256B0FB}.Release|Any CPU.Build.0 = Release|Any CPU
		{96850AE3-9BA7-4E2F-9433-3706E2361E06}.Debug|Any CPU.ActiveCfg = Debug|Any CPU
		{96850AE3-9BA7-4E2F-9433-3706E2361E06}.Debug|Any CPU.Build.0 = Debug|Any CPU
		{96850AE3-9BA7-4E2F-9433-3706E2361E06}.Release|Any CPU.ActiveCfg = Release|Any CPU
		{96850AE3-9BA7-4E2F-9433-3706E2361E06}.Release|Any CPU.Build.0 = Release|Any CPU
		{B771F771-9D83-4E2A-8BB1-F354962F000A}.Debug|Any CPU.ActiveCfg = Debug|Any CPU
		{B771F771-9D83-4E2A-8BB1-F354962F000A}.Debug|Any CPU.Build.0 = Debug|Any CPU
		{B771F771-9D83-4E2A-8BB1-F354962F000A}.Release|Any CPU.ActiveCfg = Release|Any CPU
		{B771F771-9D83-4E2A-8BB1-F354962F000A}.Release|Any CPU.Build.0 = Release|Any CPU
		{474EFB5B-BD03-44EF-93C4-571667DF39FC}.Debug|Any CPU.ActiveCfg = Debug|Any CPU
		{474EFB5B-BD03-44EF-93C4-571667DF39FC}.Debug|Any CPU.Build.0 = Debug|Any CPU
		{474EFB5B-BD03-44EF-93C4-571667DF39FC}.Release|Any CPU.ActiveCfg = Release|Any CPU
		{474EFB5B-BD03-44EF-93C4-571667DF39FC}.Release|Any CPU.Build.0 = Release|Any CPU
		{4CB36E0C-9837-4250-BADA-F2CBAE33C29E}.Debug|Any CPU.ActiveCfg = Debug|Any CPU
		{4CB36E0C-9837-4250-BADA-F2CBAE33C29E}.Debug|Any CPU.Build.0 = Debug|Any CPU
		{4CB36E0C-9837-4250-BADA-F2CBAE33C29E}.Release|Any CPU.ActiveCfg = Release|Any CPU
		{4CB36E0C-9837-4250-BADA-F2CBAE33C29E}.Release|Any CPU.Build.0 = Release|Any CPU
		{3E26A89C-3707-4FA1-8B7C-58F27100162B}.Debug|Any CPU.ActiveCfg = Debug|Any CPU
		{3E26A89C-3707-4FA1-8B7C-58F27100162B}.Debug|Any CPU.Build.0 = Debug|Any CPU
		{3E26A89C-3707-4FA1-8B7C-58F27100162B}.Release|Any CPU.ActiveCfg = Release|Any CPU
		{3E26A89C-3707-4FA1-8B7C-58F27100162B}.Release|Any CPU.Build.0 = Release|Any CPU
		{BE528355-0169-403A-A0D1-31F60FEC315B}.Debug|Any CPU.ActiveCfg = Debug|Any CPU
		{BE528355-0169-403A-A0D1-31F60FEC315B}.Debug|Any CPU.Build.0 = Debug|Any CPU
		{BE528355-0169-403A-A0D1-31F60FEC315B}.Release|Any CPU.ActiveCfg = Release|Any CPU
		{BE528355-0169-403A-A0D1-31F60FEC315B}.Release|Any CPU.Build.0 = Release|Any CPU
	EndGlobalSection
	GlobalSection(SolutionProperties) = preSolution
		HideSolutionNode = FALSE
	EndGlobalSection
	GlobalSection(NestedProjects) = preSolution
		{A69E8CC0-CADE-4E72-8251-FB66816B413B} = {FAC1E077-AB1D-4A5D-A8A5-C46F0804AF3D}
		{B8F7077D-B876-4CB2-A865-3D8B3F3F8D93} = {A69E8CC0-CADE-4E72-8251-FB66816B413B}
		{96850AE3-9BA7-4E2F-9433-3706E2361E06} = {B8F7077D-B876-4CB2-A865-3D8B3F3F8D93}
		{B771F771-9D83-4E2A-8BB1-F354962F000A} = {B8F7077D-B876-4CB2-A865-3D8B3F3F8D93}
		{474EFB5B-BD03-44EF-93C4-571667DF39FC} = {B8F7077D-B876-4CB2-A865-3D8B3F3F8D93}
		{4CB36E0C-9837-4250-BADA-F2CBAE33C29E} = {B8F7077D-B876-4CB2-A865-3D8B3F3F8D93}
		{3E26A89C-3707-4FA1-8B7C-58F27100162B} = {B8F7077D-B876-4CB2-A865-3D8B3F3F8D93}
	EndGlobalSection
	GlobalSection(ExtensibilityGlobals) = postSolution
		SolutionGuid = {C920190E-9978-4665-B125-F9045BD17DC4}
	EndGlobalSection
EndGlobal
