
Microsoft Visual Studio Solution File, Format Version 12.00
# Visual Studio Version 17
VisualStudioVersion = 17.5.33530.505
MinimumVisualStudioVersion = 10.0.40219.1
Project("{9A19103F-16F7-4668-BE54-9A1E7A4F7556}") = "Engine2D", "Engine2D\Engine2D.csproj", "{01EFA6C9-B70A-4B07-BA50-DE1D2256B0FB}"
EndProject
Project("{FAE04EC0-301F-11D3-BF4B-00C04F79EFBC}") = "Templauncher", "Templauncher\Templauncher.csproj", "{FC36440A-DC79-4B23-8032-AC320C1A48FA}"
EndProject
Project("{2150E333-8FDC-42A3-9474-1A3956D46DE8}") = "Vendor", "Vendor", "{E1B91970-501B-465C-9FD6-D50A72325C72}"
EndProject
Project("{FAE04EC0-301F-11D3-BF4B-00C04F79EFBC}") = "EnttSharp", "..\vendor\enttsharp\src\EnTTSharp\EnttSharp.csproj", "{383443A1-CB54-4069-825B-835A7BB10C97}"
EndProject
Project("{FAE04EC0-301F-11D3-BF4B-00C04F79EFBC}") = "EnTTSharp.Test", "..\vendor\enttsharp\tests\EnTTSharp.Test\EnTTSharp.Test.csproj", "{2CDB6DA3-C010-4328-8A65-9203F078630A}"
EndProject
Project("{2150E333-8FDC-42A3-9474-1A3956D46DE8}") = "ENTT", "ENTT", "{AF98AFCF-739C-4E32-9D15-15A379274B45}"
EndProject
Project("{FAE04EC0-301F-11D3-BF4B-00C04F79EFBC}") = "EnTTSharp.Annotations", "..\vendor\enttsharp\src\EnTTSharp.Annotations\EnTTSharp.Annotations.csproj", "{1D438D99-E7F1-446A-B7A0-615316D172F7}"
EndProject
Project("{FAE04EC0-301F-11D3-BF4B-00C04F79EFBC}") = "EnTTSharp.Serialization", "..\vendor\enttsharp\src\EnTTSharp.Serialization\EnTTSharp.Serialization.csproj", "{0334131D-4C2A-4B96-90AB-2027D81C2D59}"
EndProject
Project("{FAE04EC0-301F-11D3-BF4B-00C04F79EFBC}") = "EnTTSharp.Serialization.Binary", "..\vendor\enttsharp\src\EnTTSharp.Serialization.Binary\EnTTSharp.Serialization.Binary.csproj", "{48D9504D-3438-45C4-83FE-DDFF34039ED9}"
EndProject
Project("{FAE04EC0-301F-11D3-BF4B-00C04F79EFBC}") = "EnTTSharp.Serialization.Xml", "..\vendor\enttsharp\src\EnTTSharp.Serialization.Xml\EnTTSharp.Serialization.Xml.csproj", "{E05DA549-1E65-4E40-B67D-10DBEC9BA170}"
EndProject
Project("{FAE04EC0-301F-11D3-BF4B-00C04F79EFBC}") = "MarioLVL01", "MarioLVL01\MarioLVL01\MarioLVL01.csproj", "{FBC6E17D-B65E-4EA2-B589-7B493997E1A3}"
EndProject
Global
	GlobalSection(SolutionConfigurationPlatforms) = preSolution
		Debug|Any CPU = Debug|Any CPU
		Release|Any CPU = Release|Any CPU
	EndGlobalSection
	GlobalSection(ProjectConfigurationPlatforms) = postSolution
		{01EFA6C9-B70A-4B07-BA50-DE1D2256B0FB}.Debug|Any CPU.ActiveCfg = Debug|Any CPU
		{01EFA6C9-B70A-4B07-BA50-DE1D2256B0FB}.Debug|Any CPU.Build.0 = Debug|Any CPU
		{01EFA6C9-B70A-4B07-BA50-DE1D2256B0FB}.Release|Any CPU.ActiveCfg = Release|Any CPU
		{01EFA6C9-B70A-4B07-BA50-DE1D2256B0FB}.Release|Any CPU.Build.0 = Release|Any CPU
		{FC36440A-DC79-4B23-8032-AC320C1A48FA}.Debug|Any CPU.ActiveCfg = Debug|Any CPU
		{FC36440A-DC79-4B23-8032-AC320C1A48FA}.Debug|Any CPU.Build.0 = Debug|Any CPU
		{FC36440A-DC79-4B23-8032-AC320C1A48FA}.Release|Any CPU.ActiveCfg = Release|Any CPU
		{FC36440A-DC79-4B23-8032-AC320C1A48FA}.Release|Any CPU.Build.0 = Release|Any CPU
		{383443A1-CB54-4069-825B-835A7BB10C97}.Debug|Any CPU.ActiveCfg = Debug|Any CPU
		{383443A1-CB54-4069-825B-835A7BB10C97}.Debug|Any CPU.Build.0 = Debug|Any CPU
		{383443A1-CB54-4069-825B-835A7BB10C97}.Release|Any CPU.ActiveCfg = Release|Any CPU
		{383443A1-CB54-4069-825B-835A7BB10C97}.Release|Any CPU.Build.0 = Release|Any CPU
		{2CDB6DA3-C010-4328-8A65-9203F078630A}.Debug|Any CPU.ActiveCfg = Debug|Any CPU
		{2CDB6DA3-C010-4328-8A65-9203F078630A}.Debug|Any CPU.Build.0 = Debug|Any CPU
		{2CDB6DA3-C010-4328-8A65-9203F078630A}.Release|Any CPU.ActiveCfg = Release|Any CPU
		{2CDB6DA3-C010-4328-8A65-9203F078630A}.Release|Any CPU.Build.0 = Release|Any CPU
		{1D438D99-E7F1-446A-B7A0-615316D172F7}.Debug|Any CPU.ActiveCfg = Debug|Any CPU
		{1D438D99-E7F1-446A-B7A0-615316D172F7}.Debug|Any CPU.Build.0 = Debug|Any CPU
		{1D438D99-E7F1-446A-B7A0-615316D172F7}.Release|Any CPU.ActiveCfg = Release|Any CPU
		{1D438D99-E7F1-446A-B7A0-615316D172F7}.Release|Any CPU.Build.0 = Release|Any CPU
		{0334131D-4C2A-4B96-90AB-2027D81C2D59}.Debug|Any CPU.ActiveCfg = Debug|Any CPU
		{0334131D-4C2A-4B96-90AB-2027D81C2D59}.Debug|Any CPU.Build.0 = Debug|Any CPU
		{0334131D-4C2A-4B96-90AB-2027D81C2D59}.Release|Any CPU.ActiveCfg = Release|Any CPU
		{0334131D-4C2A-4B96-90AB-2027D81C2D59}.Release|Any CPU.Build.0 = Release|Any CPU
		{48D9504D-3438-45C4-83FE-DDFF34039ED9}.Debug|Any CPU.ActiveCfg = Debug|Any CPU
		{48D9504D-3438-45C4-83FE-DDFF34039ED9}.Debug|Any CPU.Build.0 = Debug|Any CPU
		{48D9504D-3438-45C4-83FE-DDFF34039ED9}.Release|Any CPU.ActiveCfg = Release|Any CPU
		{48D9504D-3438-45C4-83FE-DDFF34039ED9}.Release|Any CPU.Build.0 = Release|Any CPU
		{E05DA549-1E65-4E40-B67D-10DBEC9BA170}.Debug|Any CPU.ActiveCfg = Debug|Any CPU
		{E05DA549-1E65-4E40-B67D-10DBEC9BA170}.Debug|Any CPU.Build.0 = Debug|Any CPU
		{E05DA549-1E65-4E40-B67D-10DBEC9BA170}.Release|Any CPU.ActiveCfg = Release|Any CPU
		{E05DA549-1E65-4E40-B67D-10DBEC9BA170}.Release|Any CPU.Build.0 = Release|Any CPU
		{FBC6E17D-B65E-4EA2-B589-7B493997E1A3}.Debug|Any CPU.ActiveCfg = Debug|Any CPU
		{FBC6E17D-B65E-4EA2-B589-7B493997E1A3}.Debug|Any CPU.Build.0 = Debug|Any CPU
		{FBC6E17D-B65E-4EA2-B589-7B493997E1A3}.Release|Any CPU.ActiveCfg = Release|Any CPU
		{FBC6E17D-B65E-4EA2-B589-7B493997E1A3}.Release|Any CPU.Build.0 = Release|Any CPU
	EndGlobalSection
	GlobalSection(SolutionProperties) = preSolution
		HideSolutionNode = FALSE
	EndGlobalSection
	GlobalSection(ExtensibilityGlobals) = postSolution
		SolutionGuid = {C920190E-9978-4665-B125-F9045BD17DC4}
	EndGlobalSection
	GlobalSection(NestedProjects) = preSolution
		{AF98AFCF-739C-4E32-9D15-15A379274B45} = {E1B91970-501B-465C-9FD6-D50A72325C72}
		{383443A1-CB54-4069-825B-835A7BB10C97} = {AF98AFCF-739C-4E32-9D15-15A379274B45}
		{2CDB6DA3-C010-4328-8A65-9203F078630A} = {AF98AFCF-739C-4E32-9D15-15A379274B45}
		{1D438D99-E7F1-446A-B7A0-615316D172F7} = {AF98AFCF-739C-4E32-9D15-15A379274B45}
		{0334131D-4C2A-4B96-90AB-2027D81C2D59} = {AF98AFCF-739C-4E32-9D15-15A379274B45}
		{48D9504D-3438-45C4-83FE-DDFF34039ED9} = {AF98AFCF-739C-4E32-9D15-15A379274B45}
		{E05DA549-1E65-4E40-B67D-10DBEC9BA170} = {AF98AFCF-739C-4E32-9D15-15A379274B45}
	EndGlobalSection
EndGlobal
